{
  "nodes": {
    "nixpkgs": {
      "locked": {
        "lastModified": 1789073787,
        "narHash": "sha256-xfX/toC2QV707s06GbP4II/TxYF0fNQj7s5/LClNDKc=",
        "ref": "nixpkgs-unstable",
        "rev": "aff8a0b28396750446e5537a96461bc4facdb287",
        "shallow": true,
        "type": "git",
        "url": "https://mirrors.nju.edu.cn/git/nixpkgs.git"
      },
      "original": {
        "ref": "nixpkgs-unstable",
        "shallow": true,
        "type": "git",
        "url": "https://mirrors.nju.edu.cn/git/nixpkgs.git"
      }
    },
    "qingjian": {
      "flake": false,
      "locked": {
        "lastModified": 1790667527,
        "narHash": "sha256-OulZ8oizG1XzDGX4FCZxlS5Qe3ss73isoyXPgGQIeKY=",
        "ref": "main",
        "rev": "c08ae57cb88b6a4a46f4a5e9c1d6d11c5e69222e",
        "shallow": true,
        "type": "git",
        "url": "https://ghfast.top/https://github.com/qingjian-team/qingjian"
      },
      "original": {
        "ref": "main",
        "shallow": true,
        "type": "git",
        "url": "https://ghfast.top/https://github.com/qingjian-team/qingjian"
      }
    },
    "qingjian-data": {
      "flake": false,
      "locked": {
        "lastModified": 1790659767,
        "narHash": "sha256-PiJwjp+sdEGFQxXi74oMMy+eo2jT+2f6+Uf2+v+Amc0=",
        "type": "tarball",
        "url": "https://ghfast.top/https://github.com/qingjian-team/qingjian/releases/download/data-v3/qingjian-data.tar.gz"
      },
      "original": {
        "type": "tarball",
        "url": "https://ghfast.top/https://github.com/qingjian-team/qingjian/releases/download/data-v3/qingjian-data.tar.gz"
      }
    },
    "root": {
      "inputs": {
        "nixpkgs": "nixpkgs",
        "qingjian": "qingjian",
        "qingjian-data": "qingjian-data"
      }
    }
  },
  "root": "root",
  "version": 7
}
