{
  "nodes": {
    "nixpkgs": {
      "locked": {
        "lastModified": 1789073787,
        "narHash": "sha256-xfX/toC2QV707s06GbP4II/TxYF0fNQj7s5/LClNDKc=",
        "ref": "nixpkgs-unstable",
        "rev": "aff8a0b28396750446e5537a96461bc4facdb287",
        "shallow": true,
        "type": "git",
        "url": "https://mirrors.nju.edu.cn/git/nixpkgs.git"
      },
      "original": {
        "ref": "nixpkgs-unstable",
        "shallow": true,
        "type": "git",
        "url": "https://mirrors.nju.edu.cn/git/nixpkgs.git"
      }
    },
    "qingjian": {
      "flake": false,
      "locked": {
        "lastModified": 1790128939,
        "narHash": "sha256-0WhrAnDvdHi+Shy8iNbFOTH76YQBqFI/s96Ckl2jRCA=",
        "ref": "main",
        "rev": "652d4dbe71c3c141fd7ff7e036aec57166632875",
        "shallow": true,
        "type": "git",
        "url": "https://ghfast.top/https://github.com/qingjian-team/qingjian"
      },
      "original": {
        "ref": "main",
        "shallow": true,
        "type": "git",
        "url": "https://ghfast.top/https://github.com/qingjian-team/qingjian"
      }
    },
    "qingjian-data": {
      "flake": false,
      "locked": {
        "lastModified": 1789548244,
        "narHash": "sha256-a49agYI5eYcTWurn8fOXwEbrPyFUjRDFFMFUnoUdk44=",
        "type": "tarball",
        "url": "https://ghfast.top/https://github.com/qingjian-team/qingjian/releases/download/data-v1/qingjian-data.tar.gz"
      },
      "original": {
        "type": "tarball",
        "url": "https://ghfast.top/https://github.com/qingjian-team/qingjian/releases/download/data-v1/qingjian-data.tar.gz"
      }
    },
    "qingjian-model": {
      "flake": false,
      "locked": {
        "narHash": "sha256-41lc7nW8qKO0d51/672XPT4L6qL/CCbbX+qK3JlRCQY=",
        "type": "file",
        "url": "https://ghfast.top/https://github.com/qingjian-team/qingjian/releases/download/data-v1/model.qjm"
      },
      "original": {
        "type": "file",
        "url": "https://ghfast.top/https://github.com/qingjian-team/qingjian/releases/download/data-v1/model.qjm"
      }
    },
    "root": {
      "inputs": {
        "nixpkgs": "nixpkgs",
        "qingjian": "qingjian",
        "qingjian-data": "qingjian-data",
        "qingjian-model": "qingjian-model"
      }
    }
  },
  "root": "root",
  "version": 7
}
